
Microsoft Visual Studio Solution File, Format Version 12.00
# Visual Studio 2013
VisualStudioVersion = 12.0.30110.0
MinimumVisualStudioVersion = 10.0.40219.1
Project("{FAE04EC0-301F-11D3-BF4B-00C04F79EFBC}") = "AvalonDock.TestApp", "AvalonDock.TestApp\AvalonDock.TestApp.csproj", "{339BC0D5-2A54-40ED-9850-7ED65182E6E1}"
EndProject
Project("{FAE04EC0-301F-11D3-BF4B-00C04F79EFBC}") = "AvalonDock.MVVMTestApp", "AvalonDock.MVVMTestApp\AvalonDock.MVVMTestApp.csproj", "{AFD48591-D66C-47F3-86E7-ACE5AD3D4FE4}"
EndProject
Project("{FAE04EC0-301F-11D3-BF4B-00C04F79EFBC}") = "AvalonDock.WinFormsTestApp", "AvalonDock.WinFormsTestApp\AvalonDock.WinFormsTestApp.csproj", "{AB95D11D-7239-4F3D-88FB-278B7C8EB6DF}"
EndProject
Project("{2150E333-8FDC-42A3-9474-1A3956D46DE8}") = "Test Projects", "Test Projects", "{1D267DDB-F2DE-4B70-87C1-E93A0C2D73F4}"
EndProject
Project("{FAE04EC0-301F-11D3-BF4B-00C04F79EFBC}") = "Xceed.Wpf.AvalonDock.Themes.VS2013", "Xceed.Wpf.AvalonDock.Themes.VS2013\Xceed.Wpf.AvalonDock.Themes.VS2013.csproj", "{89286EB4-B4A1-418C-839A-067B00F442D8}"
EndProject
Global
	GlobalSection(SolutionConfigurationPlatforms) = preSolution
		Debug|Any CPU = Debug|Any CPU
		Debug|Mixed Platforms = Debug|Mixed Platforms
		Debug|x86 = Debug|x86
		Release|Any CPU = Release|Any CPU
		Release|Mixed Platforms = Release|Mixed Platforms
		Release|x86 = Release|x86
	EndGlobalSection
	GlobalSection(ProjectConfigurationPlatforms) = postSolution
		{339BC0D5-2A54-40ED-9850-7ED65182E6E1}.Debug|Any CPU.ActiveCfg = Debug|x86
		{339BC0D5-2A54-40ED-9850-7ED65182E6E1}.Debug|Mixed Platforms.ActiveCfg = Debug|x86
		{339BC0D5-2A54-40ED-9850-7ED65182E6E1}.Debug|Mixed Platforms.Build.0 = Debug|x86
		{339BC0D5-2A54-40ED-9850-7ED65182E6E1}.Debug|x86.ActiveCfg = Debug|x86
		{339BC0D5-2A54-40ED-9850-7ED65182E6E1}.Debug|x86.Build.0 = Debug|x86
		{339BC0D5-2A54-40ED-9850-7ED65182E6E1}.Release|Any CPU.ActiveCfg = Release|x86
		{339BC0D5-2A54-40ED-9850-7ED65182E6E1}.Release|Mixed Platforms.ActiveCfg = Release|x86
		{339BC0D5-2A54-40ED-9850-7ED65182E6E1}.Release|Mixed Platforms.Build.0 = Release|x86
		{339BC0D5-2A54-40ED-9850-7ED65182E6E1}.Release|x86.ActiveCfg = Release|x86
		{339BC0D5-2A54-40ED-9850-7ED65182E6E1}.Release|x86.Build.0 = Release|x86
		{AFD48591-D66C-47F3-86E7-ACE5AD3D4FE4}.Debug|Any CPU.ActiveCfg = Debug|x86
		{AFD48591-D66C-47F3-86E7-ACE5AD3D4FE4}.Debug|Mixed Platforms.ActiveCfg = Debug|x86
		{AFD48591-D66C-47F3-86E7-ACE5AD3D4FE4}.Debug|Mixed Platforms.Build.0 = Debug|x86
		{AFD48591-D66C-47F3-86E7-ACE5AD3D4FE4}.Debug|x86.ActiveCfg = Debug|x86
		{AFD48591-D66C-47F3-86E7-ACE5AD3D4FE4}.Debug|x86.Build.0 = Debug|x86
		{AFD48591-D66C-47F3-86E7-ACE5AD3D4FE4}.Release|Any CPU.ActiveCfg = Release|x86
		{AFD48591-D66C-47F3-86E7-ACE5AD3D4FE4}.Release|Mixed Platforms.ActiveCfg = Release|x86
		{AFD48591-D66C-47F3-86E7-ACE5AD3D4FE4}.Release|Mixed Platforms.Build.0 = Release|x86
		{AFD48591-D66C-47F3-86E7-ACE5AD3D4FE4}.Release|x86.ActiveCfg = Release|x86
		{AFD48591-D66C-47F3-86E7-ACE5AD3D4FE4}.Release|x86.Build.0 = Release|x86
		{AB95D11D-7239-4F3D-88FB-278B7C8EB6DF}.Debug|Any CPU.ActiveCfg = Debug|x86
		{AB95D11D-7239-4F3D-88FB-278B7C8EB6DF}.Debug|Mixed Platforms.ActiveCfg = Debug|x86
		{AB95D11D-7239-4F3D-88FB-278B7C8EB6DF}.Debug|Mixed Platforms.Build.0 = Debug|x86
		{AB95D11D-7239-4F3D-88FB-278B7C8EB6DF}.Debug|x86.ActiveCfg = Debug|x86
		{AB95D11D-7239-4F3D-88FB-278B7C8EB6DF}.Debug|x86.Build.0 = Debug|x86
		{AB95D11D-7239-4F3D-88FB-278B7C8EB6DF}.Release|Any CPU.ActiveCfg = Release|x86
		{AB95D11D-7239-4F3D-88FB-278B7C8EB6DF}.Release|Mixed Platforms.ActiveCfg = Release|x86
		{AB95D11D-7239-4F3D-88FB-278B7C8EB6DF}.Release|Mixed Platforms.Build.0 = Release|x86
		{AB95D11D-7239-4F3D-88FB-278B7C8EB6DF}.Release|x86.ActiveCfg = Release|x86
		{AB95D11D-7239-4F3D-88FB-278B7C8EB6DF}.Release|x86.Build.0 = Release|x86
		{89286EB4-B4A1-418C-839A-067B00F442D8}.Debug|Any CPU.ActiveCfg = Debug|Any CPU
		{89286EB4-B4A1-418C-839A-067B00F442D8}.Debug|Any CPU.Build.0 = Debug|Any CPU
		{89286EB4-B4A1-418C-839A-067B00F442D8}.Debug|Mixed Platforms.ActiveCfg = Debug|Any CPU
		{89286EB4-B4A1-418C-839A-067B00F442D8}.Debug|Mixed Platforms.Build.0 = Debug|Any CPU
		{89286EB4-B4A1-418C-839A-067B00F442D8}.Debug|x86.ActiveCfg = Debug|Any CPU
		{89286EB4-B4A1-418C-839A-067B00F442D8}.Release|Any CPU.ActiveCfg = Release|Any CPU
		{89286EB4-B4A1-418C-839A-067B00F442D8}.Release|Any CPU.Build.0 = Release|Any CPU
		{89286EB4-B4A1-418C-839A-067B00F442D8}.Release|Mixed Platforms.ActiveCfg = Release|Any CPU
		{89286EB4-B4A1-418C-839A-067B00F442D8}.Release|Mixed Platforms.Build.0 = Release|Any CPU
		{89286EB4-B4A1-418C-839A-067B00F442D8}.Release|x86.ActiveCfg = Release|Any CPU
	EndGlobalSection
	GlobalSection(SolutionProperties) = preSolution
		HideSolutionNode = FALSE
	EndGlobalSection
	GlobalSection(NestedProjects) = preSolution
		{AFD48591-D66C-47F3-86E7-ACE5AD3D4FE4} = {1D267DDB-F2DE-4B70-87C1-E93A0C2D73F4}
		{AB95D11D-7239-4F3D-88FB-278B7C8EB6DF} = {1D267DDB-F2DE-4B70-87C1-E93A0C2D73F4}
		{339BC0D5-2A54-40ED-9850-7ED65182E6E1} = {1D267DDB-F2DE-4B70-87C1-E93A0C2D73F4}
	EndGlobalSection
EndGlobal
